
Microsoft Visual Studio Solution File, Format Version 12.00
# Visual Studio Version 16
VisualStudioVersion = 16.0.32802.440
MinimumVisualStudioVersion = 10.0.40219.1
Project("{FAE04EC0-301F-11D3-BF4B-00C04F79EFBC}") = "UrnaEletronica", "UrnaEletronica\UrnaEletronica.csproj", "{02DD884F-95A2-4553-93FD-DB25ECB2E8D5}"
EndProject
Global
	GlobalSection(SolutionConfigurationPlatforms) = preSolution
		Debug|Any CPU = Debug|Any CPU
		Release|Any CPU = Release|Any CPU
	EndGlobalSection
	GlobalSection(ProjectConfigurationPlatforms) = postSolution
		{02DD884F-95A2-4553-93FD-DB25ECB2E8D5}.Debug|Any CPU.ActiveCfg = Debug|Any CPU
		{02DD884F-95A2-4553-93FD-DB25ECB2E8D5}.Debug|Any CPU.Build.0 = Debug|Any CPU
		{02DD884F-95A2-4553-93FD-DB25ECB2E8D5}.Release|Any CPU.ActiveCfg = Release|Any CPU
		{02DD884F-95A2-4553-93FD-DB25ECB2E8D5}.Release|Any CPU.Build.0 = Release|Any CPU
	EndGlobalSection
	GlobalSection(SolutionProperties) = preSolution
		HideSolutionNode = FALSE
	EndGlobalSection
	GlobalSection(ExtensibilityGlobals) = postSolution
		SolutionGuid = {DBCBBF01-3F30-436D-AB86-6932AEEA4D0E}
	EndGlobalSection
EndGlobal
